
Microsoft Visual Studio Solution File, Format Version 12.00
# Visual Studio Version 17
VisualStudioVersion = 17.8.34511.84
MinimumVisualStudioVersion = 10.0.40219.1
Project("{FAE04EC0-301F-11D3-BF4B-00C04F79EFBC}") = "projeto_akross_2", "projeto_akross_2\projeto_akross_2.csproj", "{55ACB63D-AC7A-4929-A539-6DB0B44706CE}"
EndProject
Global
	GlobalSection(SolutionConfigurationPlatforms) = preSolution
		Debug|Any CPU = Debug|Any CPU
		Release|Any CPU = Release|Any CPU
	EndGlobalSection
	GlobalSection(ProjectConfigurationPlatforms) = postSolution
		{55ACB63D-AC7A-4929-A539-6DB0B44706CE}.Debug|Any CPU.ActiveCfg = Debug|Any CPU
		{55ACB63D-AC7A-4929-A539-6DB0B44706CE}.Debug|Any CPU.Build.0 = Debug|Any CPU
		{55ACB63D-AC7A-4929-A539-6DB0B44706CE}.Release|Any CPU.ActiveCfg = Release|Any CPU
		{55ACB63D-AC7A-4929-A539-6DB0B44706CE}.Release|Any CPU.Build.0 = Release|Any CPU
	EndGlobalSection
	GlobalSection(SolutionProperties) = preSolution
		HideSolutionNode = FALSE
	EndGlobalSection
	GlobalSection(ExtensibilityGlobals) = postSolution
		SolutionGuid = {3AAAA479-53D7-429E-AA6F-CAE3CB5F0CD1}
	EndGlobalSection
EndGlobal
